// !$*UTF8*$!
{
	archiveVersion = 1;
	classes = {
	};
	objectVersion = 50;
	objects = {

/* Begin PBXBuildFile section */
		6324689A24141D4300BEE0D5 /* TabBar.swift in Sources */ = {isa = PBXBuildFile; fileRef = 6324689924141D4300BEE0D5 /* TabBar.swift */; };
		632468A024142EC500BEE0D5 /* FilterA.swift in Sources */ = {isa = PBXBuildFile; fileRef = 6324689F24142EC500BEE0D5 /* FilterA.swift */; };
		632468A22414406000BEE0D5 /* FilterB.swift in Sources */ = {isa = PBXBuildFile; fileRef = 632468A12414406000BEE0D5 /* FilterB.swift */; };
		63969184240F5B760062D0E1 /* AppDelegate.swift in Sources */ = {isa = PBXBuildFile; fileRef = 63969183240F5B760062D0E1 /* AppDelegate.swift */; };
		63969186240F5B760062D0E1 /* SceneDelegate.swift in Sources */ = {isa = PBXBuildFile; fileRef = 63969185240F5B760062D0E1 /* SceneDelegate.swift */; };
		63969189240F5B760062D0E1 /* filtertest.xcdatamodeld in Sources */ = {isa = PBXBuildFile; fileRef = 63969187240F5B760062D0E1 /* filtertest.xcdatamodeld */; };
		6396918B240F5B760062D0E1 /* ContentView.swift in Sources */ = {isa = PBXBuildFile; fileRef = 6396918A240F5B760062D0E1 /* ContentView.swift */; };
		6396918D240F5B770062D0E1 /* Assets.xcassets in Resources */ = {isa = PBXBuildFile; fileRef = 6396918C240F5B770062D0E1 /* Assets.xcassets */; };
		63969190240F5B770062D0E1 /* Preview Assets.xcassets in Resources */ = {isa = PBXBuildFile; fileRef = 6396918F240F5B770062D0E1 /* Preview Assets.xcassets */; };
		63969193240F5B770062D0E1 /* LaunchScreen.storyboard in Resources */ = {isa = PBXBuildFile; fileRef = 63969191240F5B770062D0E1 /* LaunchScreen.storyboard */; };
		6396919C240F5BC90062D0E1 /* Singer+CoreDataClass.swift in Sources */ = {isa = PBXBuildFile; fileRef = 6396919A240F5BC90062D0E1 /* Singer+CoreDataClass.swift */; };
		6396919D240F5BC90062D0E1 /* Singer+CoreDataProperties.swift in Sources */ = {isa = PBXBuildFile; fileRef = 6396919B240F5BC90062D0E1 /* Singer+CoreDataProperties.swift */; };
		6396919F240F5C250062D0E1 /* FilteredList.swift in Sources */ = {isa = PBXBuildFile; fileRef = 6396919E240F5C250062D0E1 /* FilteredList.swift */; };
/* End PBXBuildFile section */

/* Begin PBXFileReference section */
		6324689924141D4300BEE0D5 /* TabBar.swift */ = {isa = PBXFileReference; lastKnownFileType = sourcecode.swift; path = TabBar.swift; sourceTree = "<group>"; };
		6324689F24142EC500BEE0D5 /* FilterA.swift */ = {isa = PBXFileReference; lastKnownFileType = sourcecode.swift; path = FilterA.swift; sourceTree = "<group>"; };
		632468A12414406000BEE0D5 /* FilterB.swift */ = {isa = PBXFileReference; lastKnownFileType = sourcecode.swift; path = FilterB.swift; sourceTree = "<group>"; };
		63969180240F5B760062D0E1 /* filtertest.app */ = {isa = PBXFileReference; explicitFileType = wrapper.application; includeInIndex = 0; path = filtertest.app; sourceTree = BUILT_PRODUCTS_DIR; };
		63969183240F5B760062D0E1 /* AppDelegate.swift */ = {isa = PBXFileReference; lastKnownFileType = sourcecode.swift; path = AppDelegate.swift; sourceTree = "<group>"; };
		63969185240F5B760062D0E1 /* SceneDelegate.swift */ = {isa = PBXFileReference; lastKnownFileType = sourcecode.swift; path = SceneDelegate.swift; sourceTree = "<group>"; };
		63969188240F5B760062D0E1 /* filtertest.xcdatamodel */ = {isa = PBXFileReference; lastKnownFileType = wrapper.xcdatamodel; path = filtertest.xcdatamodel; sourceTree = "<group>"; };
		6396918A240F5B760062D0E1 /* ContentView.swift */ = {isa = PBXFileReference; lastKnownFileType = sourcecode.swift; path = ContentView.swift; sourceTree = "<group>"; };
		6396918C240F5B770062D0E1 /* Assets.xcassets */ = {isa = PBXFileReference; lastKnownFileType = folder.assetcatalog; path = Assets.xcassets; sourceTree = "<group>"; };
		6396918F240F5B770062D0E1 /* Preview Assets.xcassets */ = {isa = PBXFileReference; lastKnownFileType = folder.assetcatalog; path = "Preview Assets.xcassets"; sourceTree = "<group>"; };
		63969192240F5B770062D0E1 /* Base */ = {isa = PBXFileReference; lastKnownFileType = file.storyboard; name = Base; path = Base.lproj/LaunchScreen.storyboard; sourceTree = "<group>"; };
		63969194240F5B770062D0E1 /* Info.plist */ = {isa = PBXFileReference; lastKnownFileType = text.plist.xml; path = Info.plist; sourceTree = "<group>"; };
		6396919A240F5BC90062D0E1 /* Singer+CoreDataClass.swift */ = {isa = PBXFileReference; lastKnownFileType = sourcecode.swift; path = "Singer+CoreDataClass.swift"; sourceTree = SOURCE_ROOT; };
		6396919B240F5BC90062D0E1 /* Singer+CoreDataProperties.swift */ = {isa = PBXFileReference; lastKnownFileType = sourcecode.swift; path = "Singer+CoreDataProperties.swift"; sourceTree = SOURCE_ROOT; };
		6396919E240F5C250062D0E1 /* FilteredList.swift */ = {isa = PBXFileReference; lastKnownFileType = sourcecode.swift; path = FilteredList.swift; sourceTree = "<group>"; };
/* End PBXFileReference section */

/* Begin PBXFrameworksBuildPhase section */
		6396917D240F5B760062D0E1 /* Frameworks */ = {
			isa = PBXFrameworksBuildPhase;
			buildActionMask = 2147483647;
			files = (
			);
			runOnlyForDeploymentPostprocessing = 0;
		};
/* End PBXFrameworksBuildPhase section */

/* Begin PBXGroup section */
		63969177240F5B760062D0E1 = {
			isa = PBXGroup;
			children = (
				63969182240F5B760062D0E1 /* filtertest */,
				63969181240F5B760062D0E1 /* Products */,
			);
			sourceTree = "<group>";
		};
		63969181240F5B760062D0E1 /* Products */ = {
			isa = PBXGroup;
			children = (
				63969180240F5B760062D0E1 /* filtertest.app */,
			);
			name = Products;
			sourceTree = "<group>";
		};
		63969182240F5B760062D0E1 /* filtertest */ = {
			isa = PBXGroup;
			children = (
				6396919A240F5BC90062D0E1 /* Singer+CoreDataClass.swift */,
				6396919B240F5BC90062D0E1 /* Singer+CoreDataProperties.swift */,
				63969183240F5B760062D0E1 /* AppDelegate.swift */,
				6324689F24142EC500BEE0D5 /* FilterA.swift */,
				632468A12414406000BEE0D5 /* FilterB.swift */,
				63969185240F5B760062D0E1 /* SceneDelegate.swift */,
				6396918A240F5B760062D0E1 /* ContentView.swift */,
				6324689924141D4300BEE0D5 /* TabBar.swift */,
				6396919E240F5C250062D0E1 /* FilteredList.swift */,
				6396918C240F5B770062D0E1 /* Assets.xcassets */,
				63969191240F5B770062D0E1 /* LaunchScreen.storyboard */,
				63969194240F5B770062D0E1 /* Info.plist */,
				63969187240F5B760062D0E1 /* filtertest.xcdatamodeld */,
				6396918E240F5B770062D0E1 /* Preview Content */,
			);
			path = filtertest;
			sourceTree = "<group>";
		};
		6396918E240F5B770062D0E1 /* Preview Content */ = {
			isa = PBXGroup;
			children = (
				6396918F240F5B770062D0E1 /* Preview Assets.xcassets */,
			);
			path = "Preview Content";
			sourceTree = "<group>";
		};
/* End PBXGroup section */

/* Begin PBXNativeTarget section */
		6396917F240F5B760062D0E1 /* filtertest */ = {
			isa = PBXNativeTarget;
			buildConfigurationList = 63969197240F5B770062D0E1 /* Build configuration list for PBXNativeTarget "filtertest" */;
			buildPhases = (
				6396917C240F5B760062D0E1 /* Sources */,
				6396917D240F5B760062D0E1 /* Frameworks */,
				6396917E240F5B760062D0E1 /* Resources */,
			);
			buildRules = (
			);
			dependencies = (
			);
			name = filtertest;
			productName = filtertest;
			productReference = 63969180240F5B760062D0E1 /* filtertest.app */;
			productType = "com.apple.product-type.application";
		};
/* End PBXNativeTarget section */

/* Begin PBXProject section */
		63969178240F5B760062D0E1 /* Project object */ = {
			isa = PBXProject;
			attributes = {
				LastSwiftUpdateCheck = 1130;
				LastUpgradeCheck = 1130;
				ORGANIZATIONNAME = "Keisha Perry";
				TargetAttributes = {
					6396917F240F5B760062D0E1 = {
						CreatedOnToolsVersion = 11.3.1;
					};
				};
			};
			buildConfigurationList = 6396917B240F5B760062D0E1 /* Build configuration list for PBXProject "filtertest" */;
			compatibilityVersion = "Xcode 9.3";
			developmentRegion = en;
			hasScannedForEncodings = 0;
			knownRegions = (
				en,
				Base,
			);
			mainGroup = 63969177240F5B760062D0E1;
			productRefGroup = 63969181240F5B760062D0E1 /* Products */;
			projectDirPath = "";
			projectRoot = "";
			targets = (
				6396917F240F5B760062D0E1 /* filtertest */,
			);
		};
/* End PBXProject section */

/* Begin PBXResourcesBuildPhase section */
		6396917E240F5B760062D0E1 /* Resources */ = {
			isa = PBXResourcesBuildPhase;
			buildActionMask = 2147483647;
			files = (
				63969193240F5B770062D0E1 /* LaunchScreen.storyboard in Resources */,
				63969190240F5B770062D0E1 /* Preview Assets.xcassets in Resources */,
				6396918D240F5B770062D0E1 /* Assets.xcassets in Resources */,
			);
			runOnlyForDeploymentPostprocessing = 0;
		};
/* End PBXResourcesBuildPhase section */

/* Begin PBXSourcesBuildPhase section */
		6396917C240F5B760062D0E1 /* Sources */ = {
			isa = PBXSourcesBuildPhase;
			buildActionMask = 2147483647;
			files = (
				63969184240F5B760062D0E1 /* AppDelegate.swift in Sources */,
				6396919D240F5BC90062D0E1 /* Singer+CoreDataProperties.swift in Sources */,
				63969186240F5B760062D0E1 /* SceneDelegate.swift in Sources */,
				6324689A24141D4300BEE0D5 /* TabBar.swift in Sources */,
				6396919C240F5BC90062D0E1 /* Singer+CoreDataClass.swift in Sources */,
				6396918B240F5B760062D0E1 /* ContentView.swift in Sources */,
				63969189240F5B760062D0E1 /* filtertest.xcdatamodeld in Sources */,
				6396919F240F5C250062D0E1 /* FilteredList.swift in Sources */,
				632468A22414406000BEE0D5 /* FilterB.swift in Sources */,
				632468A024142EC500BEE0D5 /* FilterA.swift in Sources */,
			);
			runOnlyForDeploymentPostprocessing = 0;
		};
/* End PBXSourcesBuildPhase section */

/* Begin PBXVariantGroup section */
		63969191240F5B770062D0E1 /* LaunchScreen.storyboard */ = {
			isa = PBXVariantGroup;
			children = (
				63969192240F5B770062D0E1 /* Base */,
			);
			name = LaunchScreen.storyboard;
			sourceTree = "<group>";
		};
/* End PBXVariantGroup section */

/* Begin XCBuildConfiguration section */
		63969195240F5B770062D0E1 /* Debug */ = {
			isa = XCBuildConfiguration;
			buildSettings = {
				ALWAYS_SEARCH_USER_PATHS = NO;
				CLANG_ANALYZER_NONNULL = YES;
				CLANG_ANALYZER_NUMBER_OBJECT_CONVERSION = YES_AGGRESSIVE;
				CLANG_CXX_LANGUAGE_STANDARD = "gnu++14";
				CLANG_CXX_LIBRARY = "libc++";
				CLANG_ENABLE_MODULES = YES;
				CLANG_ENABLE_OBJC_ARC = YES;
				CLANG_ENABLE_OBJC_WEAK = YES;
				CLANG_WARN_BLOCK_CAPTURE_AUTORELEASING = YES;
				CLANG_WARN_BOOL_CONVERSION = YES;
				CLANG_WARN_COMMA = YES;
				CLANG_WARN_CONSTANT_CONVERSION = YES;
				CLANG_WARN_DEPRECATED_OBJC_IMPLEMENTATIONS = YES;
				CLANG_WARN_DIRECT_OBJC_ISA_USAGE = YES_ERROR;
				CLANG_WARN_DOCUMENTATION_COMMENTS = YES;
				CLANG_WARN_EMPTY_BODY = YES;
				CLANG_WARN_ENUM_CONVERSION = YES;
				CLANG_WARN_INFINITE_RECURSION = YES;
				CLANG_WARN_INT_CONVERSION = YES;
				CLANG_WARN_NON_LITERAL_NULL_CONVERSION = YES;
				CLANG_WARN_OBJC_IMPLICIT_RETAIN_SELF = YES;
				CLANG_WARN_OBJC_LITERAL_CONVERSION = YES;
				CLANG_WARN_OBJC_ROOT_CLASS = YES_ERROR;
				CLANG_WARN_RANGE_LOOP_ANALYSIS = YES;
				CLANG_WARN_STRICT_PROTOTYPES = YES;
				CLANG_WARN_SUSPICIOUS_MOVE = YES;
				CLANG_WARN_UNGUARDED_AVAILABILITY = YES_AGGRESSIVE;
				CLANG_WARN_UNREACHABLE_CODE = YES;
				CLANG_WARN__DUPLICATE_METHOD_MATCH = YES;
				COPY_PHASE_STRIP = NO;
				DEBUG_INFORMATION_FORMAT = dwarf;
				ENABLE_STRICT_OBJC_MSGSEND = YES;
				ENABLE_TESTABILITY = YES;
				GCC_C_LANGUAGE_STANDARD = gnu11;
				GCC_DYNAMIC_NO_PIC = NO;
				GCC_NO_COMMON_BLOCKS = YES;
				GCC_OPTIMIZATION_LEVEL = 0;
				GCC_PREPROCESSOR_DEFINITIONS = (
					"DEBUG=1",
					"$(inherited)",
				);
				GCC_WARN_64_TO_32_BIT_CONVERSION = YES;
				GCC_WARN_ABOUT_RETURN_TYPE = YES_ERROR;
				GCC_WARN_UNDECLARED_SELECTOR = YES;
				GCC_WARN_UNINITIALIZED_AUTOS = YES_AGGRESSIVE;
				GCC_WARN_UNUSED_FUNCTION = YES;
				GCC_WARN_UNUSED_VARIABLE = YES;
				IPHONEOS_DEPLOYMENT_TARGET = 13.2;
				MTL_ENABLE_DEBUG_INFO = INCLUDE_SOURCE;
				MTL_FAST_MATH = YES;
				ONLY_ACTIVE_ARCH = YES;
				SDKROOT = iphoneos;
				SWIFT_ACTIVE_COMPILATION_CONDITIONS = DEBUG;
				SWIFT_OPTIMIZATION_LEVEL = "-Onone";
			};
			name = Debug;
		};
		63969196240F5B770062D0E1 /* Release */ = {
			isa = XCBuildConfiguration;
			buildSettings = {
				ALWAYS_SEARCH_USER_PATHS = NO;
				CLANG_ANALYZER_NONNULL = YES;
				CLANG_ANALYZER_NUMBER_OBJECT_CONVERSION = YES_AGGRESSIVE;
				CLANG_CXX_LANGUAGE_STANDARD = "gnu++14";
				CLANG_CXX_LIBRARY = "libc++";
				CLANG_ENABLE_MODULES = YES;
				CLANG_ENABLE_OBJC_ARC = YES;
				CLANG_ENABLE_OBJC_WEAK = YES;
				CLANG_WARN_BLOCK_CAPTURE_AUTORELEASING = YES;
				CLANG_WARN_BOOL_CONVERSION = YES;
				CLANG_WARN_COMMA = YES;
				CLANG_WARN_CONSTANT_CONVERSION = YES;
				CLANG_WARN_DEPRECATED_OBJC_IMPLEMENTATIONS = YES;
				CLANG_WARN_DIRECT_OBJC_ISA_USAGE = YES_ERROR;
				CLANG_WARN_DOCUMENTATION_COMMENTS = YES;
				CLANG_WARN_EMPTY_BODY = YES;
				CLANG_WARN_ENUM_CONVERSION = YES;
				CLANG_WARN_INFINITE_RECURSION = YES;
				CLANG_WARN_INT_CONVERSION = YES;
				CLANG_WARN_NON_LITERAL_NULL_CONVERSION = YES;
				CLANG_WARN_OBJC_IMPLICIT_RETAIN_SELF = YES;
				CLANG_WARN_OBJC_LITERAL_CONVERSION = YES;
				CLANG_WARN_OBJC_ROOT_CLASS = YES_ERROR;
				CLANG_WARN_RANGE_LOOP_ANALYSIS = YES;
				CLANG_WARN_STRICT_PROTOTYPES = YES;
				CLANG_WARN_SUSPICIOUS_MOVE = YES;
				CLANG_WARN_UNGUARDED_AVAILABILITY = YES_AGGRESSIVE;
				CLANG_WARN_UNREACHABLE_CODE = YES;
				CLANG_WARN__DUPLICATE_METHOD_MATCH = YES;
				COPY_PHASE_STRIP = NO;
				DEBUG_INFORMATION_FORMAT = "dwarf-with-dsym";
				ENABLE_NS_ASSERTIONS = NO;
				ENABLE_STRICT_OBJC_MSGSEND = YES;
				GCC_C_LANGUAGE_STANDARD = gnu11;
				GCC_NO_COMMON_BLOCKS = YES;
				GCC_WARN_64_TO_32_BIT_CONVERSION = YES;
				GCC_WARN_ABOUT_RETURN_TYPE = YES_ERROR;
				GCC_WARN_UNDECLARED_SELECTOR = YES;
				GCC_WARN_UNINITIALIZED_AUTOS = YES_AGGRESSIVE;
				GCC_WARN_UNUSED_FUNCTION = YES;
				GCC_WARN_UNUSED_VARIABLE = YES;
				IPHONEOS_DEPLOYMENT_TARGET = 13.2;
				MTL_ENABLE_DEBUG_INFO = NO;
				MTL_FAST_MATH = YES;
				SDKROOT = iphoneos;
				SWIFT_COMPILATION_MODE = wholemodule;
				SWIFT_OPTIMIZATION_LEVEL = "-O";
				VALIDATE_PRODUCT = YES;
			};
			name = Release;
		};
		63969198240F5B770062D0E1 /* Debug */ = {
			isa = XCBuildConfiguration;
			buildSettings = {
				ASSETCATALOG_COMPILER_APPICON_NAME = AppIcon;
				CODE_SIGN_STYLE = Automatic;
				DEVELOPMENT_ASSET_PATHS = "\"filtertest/Preview Content\"";
				DEVELOPMENT_TEAM = 69B2NZ3KF6;
				ENABLE_PREVIEWS = YES;
				INFOPLIST_FILE = filtertest/Info.plist;
				LD_RUNPATH_SEARCH_PATHS = (
					"$(inherited)",
					"@executable_path/Frameworks",
				);
				PRODUCT_BUNDLE_IDENTIFIER = com.keishaperry.filtertest;
				PRODUCT_NAME = "$(TARGET_NAME)";
				SWIFT_VERSION = 5.0;
				TARGETED_DEVICE_FAMILY = "1,2";
			};
			name = Debug;
		};
		63969199240F5B770062D0E1 /* Release */ = {
			isa = XCBuildConfiguration;
			buildSettings = {
				ASSETCATALOG_COMPILER_APPICON_NAME = AppIcon;
				CODE_SIGN_STYLE = Automatic;
				DEVELOPMENT_ASSET_PATHS = "\"filtertest/Preview Content\"";
				DEVELOPMENT_TEAM = 69B2NZ3KF6;
				ENABLE_PREVIEWS = YES;
				INFOPLIST_FILE = filtertest/Info.plist;
				LD_RUNPATH_SEARCH_PATHS = (
					"$(inherited)",
					"@executable_path/Frameworks",
				);
				PRODUCT_BUNDLE_IDENTIFIER = com.keishaperry.filtertest;
				PRODUCT_NAME = "$(TARGET_NAME)";
				SWIFT_VERSION = 5.0;
				TARGETED_DEVICE_FAMILY = "1,2";
			};
			name = Release;
		};
/* End XCBuildConfiguration section */

/* Begin XCConfigurationList section */
		6396917B240F5B760062D0E1 /* Build configuration list for PBXProject "filtertest" */ = {
			isa = XCConfigurationList;
			buildConfigurations = (
				63969195240F5B770062D0E1 /* Debug */,
				63969196240F5B770062D0E1 /* Release */,
			);
			defaultConfigurationIsVisible = 0;
			defaultConfigurationName = Release;
		};
		63969197240F5B770062D0E1 /* Build configuration list for PBXNativeTarget "filtertest" */ = {
			isa = XCConfigurationList;
			buildConfigurations = (
				63969198240F5B770062D0E1 /* Debug */,
				63969199240F5B770062D0E1 /* Release */,
			);
			defaultConfigurationIsVisible = 0;
			defaultConfigurationName = Release;
		};
/* End XCConfigurationList section */

/* Begin XCVersionGroup section */
		63969187240F5B760062D0E1 /* filtertest.xcdatamodeld */ = {
			isa = XCVersionGroup;
			children = (
				63969188240F5B760062D0E1 /* filtertest.xcdatamodel */,
			);
			currentVersion = 63969188240F5B760062D0E1 /* filtertest.xcdatamodel */;
			path = filtertest.xcdatamodeld;
			sourceTree = "<group>";
			versionGroupType = wrapper.xcdatamodel;
		};
/* End XCVersionGroup section */
	};
	rootObject = 63969178240F5B760062D0E1 /* Project object */;
}
